
Microsoft Visual Studio Solution File, Format Version 12.00
# Visual Studio 2015
Project("{FAE04EC0-301F-11D3-BF4B-00C04F79EFBC}") = "CardboardDemo.CSharp", "CardboardDemo.CSharp.csproj", "{D6048878-ED20-D39A-02E4-051B667CDDA3}"
EndProject
Project("{FAE04EC0-301F-11D3-BF4B-00C04F79EFBC}") = "CardboardDemo.CSharp.Editor", "CardboardDemo.CSharp.Editor.csproj", "{A622BE90-1BCD-3421-504F-94C73A7294EE}"
EndProject
Global
	GlobalSection(SolutionConfigurationPlatforms) = preSolution
		Debug|Any CPU = Debug|Any CPU
		Release|Any CPU = Release|Any CPU
	EndGlobalSection
	GlobalSection(ProjectConfigurationPlatforms) = postSolution
		{D6048878-ED20-D39A-02E4-051B667CDDA3}.Debug|Any CPU.ActiveCfg = Debug|Any CPU
		{D6048878-ED20-D39A-02E4-051B667CDDA3}.Debug|Any CPU.Build.0 = Debug|Any CPU
		{D6048878-ED20-D39A-02E4-051B667CDDA3}.Release|Any CPU.ActiveCfg = Release|Any CPU
		{D6048878-ED20-D39A-02E4-051B667CDDA3}.Release|Any CPU.Build.0 = Release|Any CPU
		{A622BE90-1BCD-3421-504F-94C73A7294EE}.Debug|Any CPU.ActiveCfg = Debug|Any CPU
		{A622BE90-1BCD-3421-504F-94C73A7294EE}.Debug|Any CPU.Build.0 = Debug|Any CPU
		{A622BE90-1BCD-3421-504F-94C73A7294EE}.Release|Any CPU.ActiveCfg = Release|Any CPU
		{A622BE90-1BCD-3421-504F-94C73A7294EE}.Release|Any CPU.Build.0 = Release|Any CPU
	EndGlobalSection
	GlobalSection(SolutionProperties) = preSolution
		HideSolutionNode = FALSE
	EndGlobalSection
EndGlobal
